github.com/davecgh/go-spew v1.1.0/go.mod h1:J7Y8YcW2NihsgmVo/mv3lAwl/skON4iLHjSsI+c5H38=
github.com/davecgh/go-spew v1.1.1 h1:vj9j/u1bqnvCEfJOwUhtlOARqs3+rkHYY13jYWTU97c=
github.com/davecgh/go-spew v1.1.1/go.mod h1:J7Y8YcW2NihsgmVo/mv3lAwl/skON4iLHjSsI+c5H38=
github.com/facebookincubator/go-belt v0.0.0-20240707112111-9cf347bf49e2 h1:TjgMDyXmX5ZGuDDS98ol5CLcVtrIGHNwQtA24Z2xBrY=
github.com/facebookincubator/go-belt v0.0.0-20240707112111-9cf347bf49e2/go.mod h1:BLkOQHXT14GLgKvM22LB/fDcq1stjijrTOJQEk3xrUA=
github.com/go-ng/slices v0.0.0-20230703171042-6195d35636a2 h1:UkoycH6lT7QfBw3LqHLe6GdFRhxScvVaI7A5oiAjy5s=
github.com/go-ng/slices v0.0.0-20230703171042-6195d35636a2/go.mod h1:bVEceuoz83G4yjq9Os7lCYe+lf46uY8EFEHkxSCywvM=
github.com/go-ng/sort v0.0.0-20220617173827-2cc7cd04f7c7 h1:Ng6QMSlQSB+goG6430/Fp7O4YO2BJZXZJaldtg+7kEc=
github.com/go-ng/sort v0.0.0-20220617173827-2cc7cd04f7c7/go.mod h1:QUXmOopthsqLYJ+rAybuCf16J7qQm60TLVdQR0w1Nus=
github.com/go-ng/xatomic v0.0.0-20230519181013-85c0ec87e55f h1:lifmuIc/S/hzVoStbEAsdryJ6qBSNeXXb9NseP0vlfs=
github.com/go-ng/xatomic v0.0.0-20230519181013-85c0ec87e55f/go.mod h1:+3P6aQ4zDVR6jGPnXq3g/7kHnKLB73EsnGBhM0adWhA=
github.com/go-ng/xsort v0.0.0-20220617174223-1d146907bccc h1:VNz633GRJx2/hL0SpBNoNlLid4xtyi7LSJP1kHpD2Fo=
github.com/go-ng/xsort v0.0.0-20220617174223-1d146907bccc/go.mod h1:Pz/V4pxeXP0hjBlXIrm2ehR0GJ0l4Bon3fsOl6TmoJs=
github.com/google/uuid v1.3.0 h1:t6JiXgmwXMjEs8VusXIJk2BXHsn+wx8BZdTaoZ5fu7I=
github.com/google/uuid v1.3.0/go.mod h1:TIyPZe4MgqvfeYDBFedMoGGpEw/LqOeaOT+nhxU+yHo=
github.com/hashicorp/golang-lru/v2 v2.0.7 h1:a+bsQ5rvGLjzHuww6tVxozPZFVghXaHOwFs4luLUK2k=
github.com/hashicorp/golang-lru/v2 v2.0.7/go.mod h1:QeFd9opnmA6QUJc5vARoKUSoFhyfM2/ZepoAG6RGpeM=
github.com/mixer/clock v0.0.0-20220922162503-4933054921a2 h1:H6NpAbo5q0AgAn6VWa+k6RsAKRpguGqpdNGMkKP6g7w=
github.com/mixer/clock v0.0.0-20220922162503-4933054921a2/go.mod h1:8EnmexmqSZ7MbRW5Pg9H4bd0+lneHd6uAQya5Gpfq1k=
github.com/pmezard/go-difflib v1.0.0 h1:4DBwDE0NGyQoBHbLQYPwSUPoCMWR5BEzIk/f1lZbAQM=
github.com/pmezard/go-difflib v1.0.0/go.mod h1:iKH77koFhYxTK1pcRnkKkqfTogsbg7gZNVY4sRDYZ/4=
github.com/sirupsen/logrus v1.9.3 h1:dueUQJ1C2q9oE3F7wvmSGAaVtTmUizReu6fjN8uqzbQ=
github.com/sirupsen/logrus v1.9.3/go.mod h1:naHLuLoDiP4jHNo9R0sCBMtWGeIprob74mVsIT4qYEQ=
github.com/stretchr/objx v0.1.0/go.mod h1:HFkY916IF+rwdDfMAkV7OtwuqBVzrE8GR6GFx+wExME=
github.com/stretchr/testify v1.2.2/go.mod h1:a8OnRcib4nhh0OaRAV+Yts87kKdq0PP7pXfy6kDkUVs=
github.com/stretchr/testify v1.7.0/go.mod h1:6Fq8oRcR53rry900zMqJjRRixrwX3KX962/h/Wwjteg=
github.com/stretchr/testify v1.8.4 h1:CcVxjf3Q8PM0mHUKJCdn+eZZtm5yQwehR5yeSVQQcUk=
github.com/stretchr/testify v1.8.4/go.mod h1:sz/lmYIOXD/1dqDmKjjqLyZ2RngseejIcXlSw2iwfAo=
github.com/templexxx/cpu v0.0.1 h1:hY4WdLOgKdc8y13EYklu9OUTXik80BkxHoWvTO6MQQY=
github.com/templexxx/cpu v0.0.1/go.mod h1:w7Tb+7qgcAlIyX4NhLuDKt78AHA5SzPmq0Wj6HiEnnk=
github.com/templexxx/reedsolomon v1.1.3 h1:UJZtgOAcp8Ldl9Qp9/8YIPHfW58vsUrPHcJYv15Na50=
github.com/templexxx/reedsolomon v1.1.3/go.mod h1:lCyQlNrc8GTWsFE47kSLkJJvsGL8Lo5pfUDPiJZMm3o=
github.com/templexxx/xorsimd v0.1.1 h1:Y4e8YgMx/4xRJO4G6lq0bSswfDCxbIrGu7KqM2ET524=
github.com/templexxx/xorsimd v0.1.1/go.mod h1:W+ffZz8jJMH2SXwuKu9WhygqBMbFnp14G2fqEr8qaNo=
golang.org/x/exp v0.0.0-20230626212559-97b1e661b5df h1:UA2aFVmmsIlefxMk29Dp2juaUSth8Pyn3Tq5Y5mJGME=
golang.org/x/exp v0.0.0-20230626212559-97b1e661b5df/go.mod h1:FXUEEKJgO7OQYeo8N01OfiKP8RXMtf6e8aTskBGqWdc=
golang.org/x/sys v0.0.0-20220715151400-c0bba94af5f8/go.mod h1:oPkhp1MJrh7nUepCBck5+mAzfO9JrbApNNgaTdGDITg=
golang.org/x/sys v0.9.0 h1:KS/R3tvhPqvJvwcKfnBHJwwthS11LRhmM5D59eEXa0s=
golang.org/x/sys v0.9.0/go.mod h1:oPkhp1MJrh7nUepCBck5+mAzfO9JrbApNNgaTdGDITg=
gopkg.in/check.v1 v0.0.0-20161208181325-20d25e280405 h1:yhCVgyC4o1eVCa2tZl7eS0r+SDo693bJlVdllGtEeKM=
gopkg.in/check.v1 v0.0.0-20161208181325-20d25e280405/go.mod h1:Co6ibVJAznAaIkqp8huTwlJQCZ016jof/cbN4VW5Yz0=
gopkg.in/yaml.v3 v3.0.0-20200313102051-9f266ea9e77c/go.mod h1:K4uyk7z7BCEPqu6E+C64Yfv1cQ7kz7rIZviUmN+EgEM=
gopkg.in/yaml.v3 v3.0.1 h1:fxVm/GzAzEWqLHuvctI91KS9hhNmmWOoWu0XTYJS7CA=
gopkg.in/yaml.v3 v3.0.1/go.mod h1:K4uyk7z7BCEPqu6E+C64Yfv1cQ7kz7rIZviUmN+EgEM=
